
Microsoft Visual Studio Solution File, Format Version 12.00
# Visual Studio Version 17
VisualStudioVersion = 17.10.34825.169
MinimumVisualStudioVersion = 10.0.40219.1
Project("{2150E333-8FDC-42A3-9474-1A3956D46DE8}") = "Core", "Core", "{D6FEC53D-2529-466A-968D-858096A57D04}"
EndProject
Project("{9A19103F-16F7-4668-BE54-9A1E7A4F7556}") = "Application", "Core\Application\Application.csproj", "{E3607F98-267F-42D7-8367-E4E172A3DFBA}"
EndProject
Project("{2150E333-8FDC-42A3-9474-1A3956D46DE8}") = "Infrastructure", "Infrastructure", "{B8013E3E-3CBA-4923-9E64-23056DFE94F0}"
EndProject
Project("{9A19103F-16F7-4668-BE54-9A1E7A4F7556}") = "Infrastructure", "Infrastructure\Infrastructure.csproj", "{F7DDCAFC-BE85-4BD3-9E5A-9E3E2CAE25D0}"
EndProject
Project("{2150E333-8FDC-42A3-9474-1A3956D46DE8}") = "Presentation", "Presentation", "{B665A45D-AE7E-4216-AEC5-3CFD63364BD1}"
EndProject
Project("{9A19103F-16F7-4668-BE54-9A1E7A4F7556}") = "Library.Api", "Presentation\Library.Api\Library.Api.csproj", "{D5ED9514-86CB-4DCB-91CC-FEA1A1C49F0B}"
EndProject
Project("{2150E333-8FDC-42A3-9474-1A3956D46DE8}") = "Test", "Test", "{DB016EF5-BB7C-45F3-A068-D03B3ADF1F8B}"
EndProject
Project("{9A19103F-16F7-4668-BE54-9A1E7A4F7556}") = "TestLibrary", "Test\TestLibrary\TestLibrary.csproj", "{6490467F-97C5-47D0-8D79-5713327DA8EE}"
EndProject
Project("{2150E333-8FDC-42A3-9474-1A3956D46DE8}") = "readme", "readme", "{1173022C-2039-43EE-AA36-92FF4ABBCFB2}"
	ProjectSection(SolutionItems) = preProject
		ReadMe.PNG = ReadMe.PNG
	EndProjectSection
EndProject
Project("{9A19103F-16F7-4668-BE54-9A1E7A4F7556}") = "Domain", "Core\Domain\Domain.csproj", "{38C2F980-9E1C-4798-BEC7-58C8815FCD3D}"
EndProject
Global
	GlobalSection(SolutionConfigurationPlatforms) = preSolution
		Debug|Any CPU = Debug|Any CPU
		Release|Any CPU = Release|Any CPU
	EndGlobalSection
	GlobalSection(ProjectConfigurationPlatforms) = postSolution
		{E3607F98-267F-42D7-8367-E4E172A3DFBA}.Debug|Any CPU.ActiveCfg = Debug|Any CPU
		{E3607F98-267F-42D7-8367-E4E172A3DFBA}.Debug|Any CPU.Build.0 = Debug|Any CPU
		{E3607F98-267F-42D7-8367-E4E172A3DFBA}.Release|Any CPU.ActiveCfg = Release|Any CPU
		{E3607F98-267F-42D7-8367-E4E172A3DFBA}.Release|Any CPU.Build.0 = Release|Any CPU
		{F7DDCAFC-BE85-4BD3-9E5A-9E3E2CAE25D0}.Debug|Any CPU.ActiveCfg = Debug|Any CPU
		{F7DDCAFC-BE85-4BD3-9E5A-9E3E2CAE25D0}.Debug|Any CPU.Build.0 = Debug|Any CPU
		{F7DDCAFC-BE85-4BD3-9E5A-9E3E2CAE25D0}.Release|Any CPU.ActiveCfg = Release|Any CPU
		{F7DDCAFC-BE85-4BD3-9E5A-9E3E2CAE25D0}.Release|Any CPU.Build.0 = Release|Any CPU
		{D5ED9514-86CB-4DCB-91CC-FEA1A1C49F0B}.Debug|Any CPU.ActiveCfg = Debug|Any CPU
		{D5ED9514-86CB-4DCB-91CC-FEA1A1C49F0B}.Debug|Any CPU.Build.0 = Debug|Any CPU
		{D5ED9514-86CB-4DCB-91CC-FEA1A1C49F0B}.Release|Any CPU.ActiveCfg = Release|Any CPU
		{D5ED9514-86CB-4DCB-91CC-FEA1A1C49F0B}.Release|Any CPU.Build.0 = Release|Any CPU
		{6490467F-97C5-47D0-8D79-5713327DA8EE}.Debug|Any CPU.ActiveCfg = Debug|Any CPU
		{6490467F-97C5-47D0-8D79-5713327DA8EE}.Debug|Any CPU.Build.0 = Debug|Any CPU
		{6490467F-97C5-47D0-8D79-5713327DA8EE}.Release|Any CPU.ActiveCfg = Release|Any CPU
		{6490467F-97C5-47D0-8D79-5713327DA8EE}.Release|Any CPU.Build.0 = Release|Any CPU
		{38C2F980-9E1C-4798-BEC7-58C8815FCD3D}.Debug|Any CPU.ActiveCfg = Debug|Any CPU
		{38C2F980-9E1C-4798-BEC7-58C8815FCD3D}.Debug|Any CPU.Build.0 = Debug|Any CPU
		{38C2F980-9E1C-4798-BEC7-58C8815FCD3D}.Release|Any CPU.ActiveCfg = Release|Any CPU
		{38C2F980-9E1C-4798-BEC7-58C8815FCD3D}.Release|Any CPU.Build.0 = Release|Any CPU
	EndGlobalSection
	GlobalSection(SolutionProperties) = preSolution
		HideSolutionNode = FALSE
	EndGlobalSection
	GlobalSection(NestedProjects) = preSolution
		{E3607F98-267F-42D7-8367-E4E172A3DFBA} = {D6FEC53D-2529-466A-968D-858096A57D04}
		{F7DDCAFC-BE85-4BD3-9E5A-9E3E2CAE25D0} = {B8013E3E-3CBA-4923-9E64-23056DFE94F0}
		{D5ED9514-86CB-4DCB-91CC-FEA1A1C49F0B} = {B665A45D-AE7E-4216-AEC5-3CFD63364BD1}
		{6490467F-97C5-47D0-8D79-5713327DA8EE} = {DB016EF5-BB7C-45F3-A068-D03B3ADF1F8B}
		{38C2F980-9E1C-4798-BEC7-58C8815FCD3D} = {D6FEC53D-2529-466A-968D-858096A57D04}
	EndGlobalSection
	GlobalSection(ExtensibilityGlobals) = postSolution
		SolutionGuid = {40C3226B-E1D6-4FEE-A5D0-54CF9DA503A2}
	EndGlobalSection
EndGlobal
